
Microsoft Visual Studio Solution File, Format Version 12.00
# Visual Studio 15
VisualStudioVersion = 15.0.28307.421
MinimumVisualStudioVersion = 10.0.40219.1
Project("{FAE04EC0-301F-11D3-BF4B-00C04F79EFBC}") = "Curso1", "Curso1\Curso1.csproj", "{921E9064-B3E0-4ED0-AD41-EC0AC1224873}"
EndProject
Global
	GlobalSection(SolutionConfigurationPlatforms) = preSolution
		Debug|Any CPU = Debug|Any CPU
		Release|Any CPU = Release|Any CPU
	EndGlobalSection
	GlobalSection(ProjectConfigurationPlatforms) = postSolution
		{921E9064-B3E0-4ED0-AD41-EC0AC1224873}.Debug|Any CPU.ActiveCfg = Debug|Any CPU
		{921E9064-B3E0-4ED0-AD41-EC0AC1224873}.Debug|Any CPU.Build.0 = Debug|Any CPU
		{921E9064-B3E0-4ED0-AD41-EC0AC1224873}.Release|Any CPU.ActiveCfg = Release|Any CPU
		{921E9064-B3E0-4ED0-AD41-EC0AC1224873}.Release|Any CPU.Build.0 = Release|Any CPU
	EndGlobalSection
	GlobalSection(SolutionProperties) = preSolution
		HideSolutionNode = FALSE
	EndGlobalSection
	GlobalSection(ExtensibilityGlobals) = postSolution
		SolutionGuid = {7CEF8636-B571-4BF5-9544-625AFBF251D8}
	EndGlobalSection
EndGlobal
