
Microsoft Visual Studio Solution File, Format Version 12.00
# Visual Studio Version 16
VisualStudioVersion = 16.0.28803.352
MinimumVisualStudioVersion = 10.0.40219.1
Project("{9A19103F-16F7-4668-BE54-9A1E7A4F7556}") = "ConsoleApp1", "ConsoleApp1\ConsoleApp1.csproj", "{22F49F8B-322E-4942-AC45-E6DB7E63E095}"
EndProject
Project("{9A19103F-16F7-4668-BE54-9A1E7A4F7556}") = "Curso5", "..\Curso5\Curso5\Curso5.csproj", "{062637F5-3480-4867-899C-6DD1DCF3A19C}"
EndProject
Project("{9A19103F-16F7-4668-BE54-9A1E7A4F7556}") = "Curso6", "..\Curso6\Curso6\Curso6.csproj", "{2AAD8A78-2A08-4C57-8B11-AC37A3486AB7}"
EndProject
Project("{9A19103F-16F7-4668-BE54-9A1E7A4F7556}") = "Curso7", "..\Curso7\Curso7\Curso7.csproj", "{FC084926-825B-48D1-BA36-814A4EC7FCA2}"
EndProject
Project("{9A19103F-16F7-4668-BE54-9A1E7A4F7556}") = "Curso9", "..\Curso9\Curso9\Curso9.csproj", "{B308A0B4-14D8-416E-9646-252E4BC05E30}"
EndProject
Project("{9A19103F-16F7-4668-BE54-9A1E7A4F7556}") = "Curso10", "..\Curso10\Curso10\Curso10.csproj", "{7D9BEF69-CC31-4BAD-A16E-625F10FCD987}"
EndProject
Project("{9A19103F-16F7-4668-BE54-9A1E7A4F7556}") = "Curso11", "..\Curso11\Curso11\Curso11.csproj", "{23118FDB-DB00-438B-8B13-CF70814EEF93}"
EndProject
Project("{9A19103F-16F7-4668-BE54-9A1E7A4F7556}") = "Curso12", "..\Curso12\Curso12\Curso12.csproj", "{A9EC891B-D68D-491E-8B17-630BDC865782}"
EndProject
Project("{9A19103F-16F7-4668-BE54-9A1E7A4F7556}") = "Curso13", "..\Curso13\Curso13\Curso13.csproj", "{1792FC0F-69BF-4C16-8337-A20B1E88358B}"
EndProject
Project("{9A19103F-16F7-4668-BE54-9A1E7A4F7556}") = "Curso14", "..\Curso14\Curso14\Curso14.csproj", "{09DC26C6-9514-49F0-8BDF-2906D820F1C7}"
EndProject
Project("{9A19103F-16F7-4668-BE54-9A1E7A4F7556}") = "Curso15", "..\Curso15\Curso15\Curso15.csproj", "{25E38200-B320-4B32-B572-990C75D31746}"
EndProject
Project("{9A19103F-16F7-4668-BE54-9A1E7A4F7556}") = "Curso16", "..\Curso16\Curso16\Curso16.csproj", "{F18D8F25-D288-4857-ADC8-43220A10FA2D}"
EndProject
Project("{9A19103F-16F7-4668-BE54-9A1E7A4F7556}") = "Curso17", "..\Curso17\Curso17\Curso17.csproj", "{6B327B61-0A01-4F10-931A-84D14B5A39EE}"
EndProject
Project("{9A19103F-16F7-4668-BE54-9A1E7A4F7556}") = "Curso19", "..\Curso19\Curso19\Curso19.csproj", "{ABE6155C-F4A6-45C7-891A-AA1BAB3E9DB6}"
EndProject
Project("{9A19103F-16F7-4668-BE54-9A1E7A4F7556}") = "Curso1", "..\..\..\..\..\ROGERIO\C#\PrimeiroProjeto\Curso1\Curso1\Curso1.csproj", "{3B2BCE1D-C9E8-4069-B346-3229073DC7EF}"
EndProject
Project("{9A19103F-16F7-4668-BE54-9A1E7A4F7556}") = "Curso2", "..\..\..\..\..\ROGERIO\C#\PrimeiroProjeto\Curso2\Curso2\Curso2.csproj", "{8D29A14F-7367-4648-8787-F09EBB1FA0BB}"
EndProject
Project("{9A19103F-16F7-4668-BE54-9A1E7A4F7556}") = "Curso3", "..\..\..\..\..\ROGERIO\C#\PrimeiroProjeto\Curso3\Curso3\Curso3.csproj", "{66F8DC41-037B-4697-A9C0-032A76C63A3F}"
EndProject
Project("{9A19103F-16F7-4668-BE54-9A1E7A4F7556}") = "Curso4", "..\..\..\..\..\ROGERIO\C#\PrimeiroProjeto\Curso4\Curso4\Curso4.csproj", "{619076C2-309B-4F3F-9B7F-02D9449BAC75}"
EndProject
Project("{9A19103F-16F7-4668-BE54-9A1E7A4F7556}") = "Curso20", "Curso20\Curso20.csproj", "{6F0FDB1F-5E2B-4F99-B33D-EA588F893F82}"
EndProject
Project("{9A19103F-16F7-4668-BE54-9A1E7A4F7556}") = "Curso21", "Curso21\Curso21.csproj", "{364A24CD-622F-4145-BB15-39906517F269}"
EndProject
Project("{9A19103F-16F7-4668-BE54-9A1E7A4F7556}") = "Curso22", "Curso22\Curso22.csproj", "{BAFD672B-3142-4EF5-92AC-6388F65708A7}"
EndProject
Project("{9A19103F-16F7-4668-BE54-9A1E7A4F7556}") = "Curso23", "Curso23\Curso23.csproj", "{4C91DE20-30A4-4902-9EB9-88BBAA935562}"
EndProject
Project("{9A19103F-16F7-4668-BE54-9A1E7A4F7556}") = "Curso24", "Curso24\Curso24.csproj", "{C96D97A0-13E6-4D1D-9F05-8441C5DC864D}"
EndProject
Project("{9A19103F-16F7-4668-BE54-9A1E7A4F7556}") = "Cruso51", "Cruso51\Cruso51.csproj", "{E08511EC-7AFE-4018-886F-0191953D1FFE}"
EndProject
Project("{9A19103F-16F7-4668-BE54-9A1E7A4F7556}") = "Curso55", "Curso55\Curso55.csproj", "{6014D493-3392-4A39-A7B5-80496C633FA6}"
EndProject
Global
	GlobalSection(SolutionConfigurationPlatforms) = preSolution
		Debug|Any CPU = Debug|Any CPU
		Release|Any CPU = Release|Any CPU
	EndGlobalSection
	GlobalSection(ProjectConfigurationPlatforms) = postSolution
		{22F49F8B-322E-4942-AC45-E6DB7E63E095}.Debug|Any CPU.ActiveCfg = Debug|Any CPU
		{22F49F8B-322E-4942-AC45-E6DB7E63E095}.Debug|Any CPU.Build.0 = Debug|Any CPU
		{22F49F8B-322E-4942-AC45-E6DB7E63E095}.Release|Any CPU.ActiveCfg = Release|Any CPU
		{22F49F8B-322E-4942-AC45-E6DB7E63E095}.Release|Any CPU.Build.0 = Release|Any CPU
		{062637F5-3480-4867-899C-6DD1DCF3A19C}.Debug|Any CPU.ActiveCfg = Debug|Any CPU
		{062637F5-3480-4867-899C-6DD1DCF3A19C}.Debug|Any CPU.Build.0 = Debug|Any CPU
		{062637F5-3480-4867-899C-6DD1DCF3A19C}.Release|Any CPU.ActiveCfg = Release|Any CPU
		{062637F5-3480-4867-899C-6DD1DCF3A19C}.Release|Any CPU.Build.0 = Release|Any CPU
		{2AAD8A78-2A08-4C57-8B11-AC37A3486AB7}.Debug|Any CPU.ActiveCfg = Debug|Any CPU
		{2AAD8A78-2A08-4C57-8B11-AC37A3486AB7}.Debug|Any CPU.Build.0 = Debug|Any CPU
		{2AAD8A78-2A08-4C57-8B11-AC37A3486AB7}.Release|Any CPU.ActiveCfg = Release|Any CPU
		{2AAD8A78-2A08-4C57-8B11-AC37A3486AB7}.Release|Any CPU.Build.0 = Release|Any CPU
		{FC084926-825B-48D1-BA36-814A4EC7FCA2}.Debug|Any CPU.ActiveCfg = Debug|Any CPU
		{FC084926-825B-48D1-BA36-814A4EC7FCA2}.Debug|Any CPU.Build.0 = Debug|Any CPU
		{FC084926-825B-48D1-BA36-814A4EC7FCA2}.Release|Any CPU.ActiveCfg = Release|Any CPU
		{FC084926-825B-48D1-BA36-814A4EC7FCA2}.Release|Any CPU.Build.0 = Release|Any CPU
		{B308A0B4-14D8-416E-9646-252E4BC05E30}.Debug|Any CPU.ActiveCfg = Debug|Any CPU
		{B308A0B4-14D8-416E-9646-252E4BC05E30}.Debug|Any CPU.Build.0 = Debug|Any CPU
		{B308A0B4-14D8-416E-9646-252E4BC05E30}.Release|Any CPU.ActiveCfg = Release|Any CPU
		{B308A0B4-14D8-416E-9646-252E4BC05E30}.Release|Any CPU.Build.0 = Release|Any CPU
		{7D9BEF69-CC31-4BAD-A16E-625F10FCD987}.Debug|Any CPU.ActiveCfg = Debug|Any CPU
		{7D9BEF69-CC31-4BAD-A16E-625F10FCD987}.Debug|Any CPU.Build.0 = Debug|Any CPU
		{7D9BEF69-CC31-4BAD-A16E-625F10FCD987}.Release|Any CPU.ActiveCfg = Release|Any CPU
		{7D9BEF69-CC31-4BAD-A16E-625F10FCD987}.Release|Any CPU.Build.0 = Release|Any CPU
		{23118FDB-DB00-438B-8B13-CF70814EEF93}.Debug|Any CPU.ActiveCfg = Debug|Any CPU
		{23118FDB-DB00-438B-8B13-CF70814EEF93}.Debug|Any CPU.Build.0 = Debug|Any CPU
		{23118FDB-DB00-438B-8B13-CF70814EEF93}.Release|Any CPU.ActiveCfg = Release|Any CPU
		{23118FDB-DB00-438B-8B13-CF70814EEF93}.Release|Any CPU.Build.0 = Release|Any CPU
		{A9EC891B-D68D-491E-8B17-630BDC865782}.Debug|Any CPU.ActiveCfg = Debug|Any CPU
		{A9EC891B-D68D-491E-8B17-630BDC865782}.Debug|Any CPU.Build.0 = Debug|Any CPU
		{A9EC891B-D68D-491E-8B17-630BDC865782}.Release|Any CPU.ActiveCfg = Release|Any CPU
		{A9EC891B-D68D-491E-8B17-630BDC865782}.Release|Any CPU.Build.0 = Release|Any CPU
		{1792FC0F-69BF-4C16-8337-A20B1E88358B}.Debug|Any CPU.ActiveCfg = Debug|Any CPU
		{1792FC0F-69BF-4C16-8337-A20B1E88358B}.Debug|Any CPU.Build.0 = Debug|Any CPU
		{1792FC0F-69BF-4C16-8337-A20B1E88358B}.Release|Any CPU.ActiveCfg = Release|Any CPU
		{1792FC0F-69BF-4C16-8337-A20B1E88358B}.Release|Any CPU.Build.0 = Release|Any CPU
		{09DC26C6-9514-49F0-8BDF-2906D820F1C7}.Debug|Any CPU.ActiveCfg = Debug|Any CPU
		{09DC26C6-9514-49F0-8BDF-2906D820F1C7}.Debug|Any CPU.Build.0 = Debug|Any CPU
		{09DC26C6-9514-49F0-8BDF-2906D820F1C7}.Release|Any CPU.ActiveCfg = Release|Any CPU
		{09DC26C6-9514-49F0-8BDF-2906D820F1C7}.Release|Any CPU.Build.0 = Release|Any CPU
		{25E38200-B320-4B32-B572-990C75D31746}.Debug|Any CPU.ActiveCfg = Debug|Any CPU
		{25E38200-B320-4B32-B572-990C75D31746}.Debug|Any CPU.Build.0 = Debug|Any CPU
		{25E38200-B320-4B32-B572-990C75D31746}.Release|Any CPU.ActiveCfg = Release|Any CPU
		{25E38200-B320-4B32-B572-990C75D31746}.Release|Any CPU.Build.0 = Release|Any CPU
		{F18D8F25-D288-4857-ADC8-43220A10FA2D}.Debug|Any CPU.ActiveCfg = Debug|Any CPU
		{F18D8F25-D288-4857-ADC8-43220A10FA2D}.Debug|Any CPU.Build.0 = Debug|Any CPU
		{F18D8F25-D288-4857-ADC8-43220A10FA2D}.Release|Any CPU.ActiveCfg = Release|Any CPU
		{F18D8F25-D288-4857-ADC8-43220A10FA2D}.Release|Any CPU.Build.0 = Release|Any CPU
		{6B327B61-0A01-4F10-931A-84D14B5A39EE}.Debug|Any CPU.ActiveCfg = Debug|Any CPU
		{6B327B61-0A01-4F10-931A-84D14B5A39EE}.Debug|Any CPU.Build.0 = Debug|Any CPU
		{6B327B61-0A01-4F10-931A-84D14B5A39EE}.Release|Any CPU.ActiveCfg = Release|Any CPU
		{6B327B61-0A01-4F10-931A-84D14B5A39EE}.Release|Any CPU.Build.0 = Release|Any CPU
		{ABE6155C-F4A6-45C7-891A-AA1BAB3E9DB6}.Debug|Any CPU.ActiveCfg = Debug|Any CPU
		{ABE6155C-F4A6-45C7-891A-AA1BAB3E9DB6}.Debug|Any CPU.Build.0 = Debug|Any CPU
		{ABE6155C-F4A6-45C7-891A-AA1BAB3E9DB6}.Release|Any CPU.ActiveCfg = Release|Any CPU
		{ABE6155C-F4A6-45C7-891A-AA1BAB3E9DB6}.Release|Any CPU.Build.0 = Release|Any CPU
		{3B2BCE1D-C9E8-4069-B346-3229073DC7EF}.Debug|Any CPU.ActiveCfg = Debug|Any CPU
		{3B2BCE1D-C9E8-4069-B346-3229073DC7EF}.Debug|Any CPU.Build.0 = Debug|Any CPU
		{3B2BCE1D-C9E8-4069-B346-3229073DC7EF}.Release|Any CPU.ActiveCfg = Release|Any CPU
		{3B2BCE1D-C9E8-4069-B346-3229073DC7EF}.Release|Any CPU.Build.0 = Release|Any CPU
		{8D29A14F-7367-4648-8787-F09EBB1FA0BB}.Debug|Any CPU.ActiveCfg = Debug|Any CPU
		{8D29A14F-7367-4648-8787-F09EBB1FA0BB}.Debug|Any CPU.Build.0 = Debug|Any CPU
		{8D29A14F-7367-4648-8787-F09EBB1FA0BB}.Release|Any CPU.ActiveCfg = Release|Any CPU
		{8D29A14F-7367-4648-8787-F09EBB1FA0BB}.Release|Any CPU.Build.0 = Release|Any CPU
		{66F8DC41-037B-4697-A9C0-032A76C63A3F}.Debug|Any CPU.ActiveCfg = Debug|Any CPU
		{66F8DC41-037B-4697-A9C0-032A76C63A3F}.Debug|Any CPU.Build.0 = Debug|Any CPU
		{66F8DC41-037B-4697-A9C0-032A76C63A3F}.Release|Any CPU.ActiveCfg = Release|Any CPU
		{66F8DC41-037B-4697-A9C0-032A76C63A3F}.Release|Any CPU.Build.0 = Release|Any CPU
		{619076C2-309B-4F3F-9B7F-02D9449BAC75}.Debug|Any CPU.ActiveCfg = Debug|Any CPU
		{619076C2-309B-4F3F-9B7F-02D9449BAC75}.Debug|Any CPU.Build.0 = Debug|Any CPU
		{619076C2-309B-4F3F-9B7F-02D9449BAC75}.Release|Any CPU.ActiveCfg = Release|Any CPU
		{619076C2-309B-4F3F-9B7F-02D9449BAC75}.Release|Any CPU.Build.0 = Release|Any CPU
		{6F0FDB1F-5E2B-4F99-B33D-EA588F893F82}.Debug|Any CPU.ActiveCfg = Debug|Any CPU
		{6F0FDB1F-5E2B-4F99-B33D-EA588F893F82}.Debug|Any CPU.Build.0 = Debug|Any CPU
		{6F0FDB1F-5E2B-4F99-B33D-EA588F893F82}.Release|Any CPU.ActiveCfg = Release|Any CPU
		{6F0FDB1F-5E2B-4F99-B33D-EA588F893F82}.Release|Any CPU.Build.0 = Release|Any CPU
		{364A24CD-622F-4145-BB15-39906517F269}.Debug|Any CPU.ActiveCfg = Debug|Any CPU
		{364A24CD-622F-4145-BB15-39906517F269}.Debug|Any CPU.Build.0 = Debug|Any CPU
		{364A24CD-622F-4145-BB15-39906517F269}.Release|Any CPU.ActiveCfg = Release|Any CPU
		{364A24CD-622F-4145-BB15-39906517F269}.Release|Any CPU.Build.0 = Release|Any CPU
		{BAFD672B-3142-4EF5-92AC-6388F65708A7}.Debug|Any CPU.ActiveCfg = Debug|Any CPU
		{BAFD672B-3142-4EF5-92AC-6388F65708A7}.Debug|Any CPU.Build.0 = Debug|Any CPU
		{BAFD672B-3142-4EF5-92AC-6388F65708A7}.Release|Any CPU.ActiveCfg = Release|Any CPU
		{BAFD672B-3142-4EF5-92AC-6388F65708A7}.Release|Any CPU.Build.0 = Release|Any CPU
		{4C91DE20-30A4-4902-9EB9-88BBAA935562}.Debug|Any CPU.ActiveCfg = Debug|Any CPU
		{4C91DE20-30A4-4902-9EB9-88BBAA935562}.Debug|Any CPU.Build.0 = Debug|Any CPU
		{4C91DE20-30A4-4902-9EB9-88BBAA935562}.Release|Any CPU.ActiveCfg = Release|Any CPU
		{4C91DE20-30A4-4902-9EB9-88BBAA935562}.Release|Any CPU.Build.0 = Release|Any CPU
		{C96D97A0-13E6-4D1D-9F05-8441C5DC864D}.Debug|Any CPU.ActiveCfg = Debug|Any CPU
		{C96D97A0-13E6-4D1D-9F05-8441C5DC864D}.Debug|Any CPU.Build.0 = Debug|Any CPU
		{C96D97A0-13E6-4D1D-9F05-8441C5DC864D}.Release|Any CPU.ActiveCfg = Release|Any CPU
		{C96D97A0-13E6-4D1D-9F05-8441C5DC864D}.Release|Any CPU.Build.0 = Release|Any CPU
		{E08511EC-7AFE-4018-886F-0191953D1FFE}.Debug|Any CPU.ActiveCfg = Debug|Any CPU
		{E08511EC-7AFE-4018-886F-0191953D1FFE}.Debug|Any CPU.Build.0 = Debug|Any CPU
		{E08511EC-7AFE-4018-886F-0191953D1FFE}.Release|Any CPU.ActiveCfg = Release|Any CPU
		{E08511EC-7AFE-4018-886F-0191953D1FFE}.Release|Any CPU.Build.0 = Release|Any CPU
		{6014D493-3392-4A39-A7B5-80496C633FA6}.Debug|Any CPU.ActiveCfg = Debug|Any CPU
		{6014D493-3392-4A39-A7B5-80496C633FA6}.Debug|Any CPU.Build.0 = Debug|Any CPU
		{6014D493-3392-4A39-A7B5-80496C633FA6}.Release|Any CPU.ActiveCfg = Release|Any CPU
		{6014D493-3392-4A39-A7B5-80496C633FA6}.Release|Any CPU.Build.0 = Release|Any CPU
	EndGlobalSection
	GlobalSection(SolutionProperties) = preSolution
		HideSolutionNode = FALSE
	EndGlobalSection
	GlobalSection(ExtensibilityGlobals) = postSolution
		SolutionGuid = {526BBE48-05FC-4C61-8F2C-252C54D8BD04}
	EndGlobalSection
EndGlobal
