
Microsoft Visual Studio Solution File, Format Version 12.00
# Visual Studio Version 16
VisualStudioVersion = 16.0.29025.244
MinimumVisualStudioVersion = 10.0.40219.1
Project("{9A19103F-16F7-4668-BE54-9A1E7A4F7556}") = "Boxing", "Boxing\Boxing.csproj", "{1164661B-E82A-4D15-BC14-819DBA8DA1B6}"
EndProject
Project("{9A19103F-16F7-4668-BE54-9A1E7A4F7556}") = "ConsoleApp1", "ConsoleApp1\ConsoleApp1\ConsoleApp1.csproj", "{CC609C39-04A9-4E58-B4C4-FC047DFFC009}"
EndProject
Project("{9A19103F-16F7-4668-BE54-9A1E7A4F7556}") = "ContaBancaria", "ConsoleApp1\ContaBancaria\ContaBancaria.csproj", "{D80DECE8-CAB1-45FA-A7EE-E232F518EC9D}"
EndProject
Project("{9A19103F-16F7-4668-BE54-9A1E7A4F7556}") = "Cruso51", "ConsoleApp1\Cruso51\Cruso51.csproj", "{A419C6F8-75FF-48EA-A8C1-716313B56CBB}"
EndProject
Project("{9A19103F-16F7-4668-BE54-9A1E7A4F7556}") = "Curso21", "ConsoleApp1\Curso21\Curso21.csproj", "{8F1C75C6-66D6-4CB0-AB4A-652DD10054EF}"
EndProject
Project("{9A19103F-16F7-4668-BE54-9A1E7A4F7556}") = "Curso20", "ConsoleApp1\Curso20\Curso20.csproj", "{EFBE70B6-2F00-4698-A1E7-C031993CE6D2}"
EndProject
Project("{9A19103F-16F7-4668-BE54-9A1E7A4F7556}") = "Curso22", "ConsoleApp1\Curso22\Curso22.csproj", "{28F852A0-D325-45EE-950E-3B5C1CE8F065}"
EndProject
Project("{9A19103F-16F7-4668-BE54-9A1E7A4F7556}") = "Curso23", "ConsoleApp1\Curso23\Curso23.csproj", "{B82D420E-0287-4618-A584-A3B791B94CF8}"
EndProject
Project("{9A19103F-16F7-4668-BE54-9A1E7A4F7556}") = "Curso24", "ConsoleApp1\Curso24\Curso24.csproj", "{52BB41BE-9353-4627-9EBE-C6EFC48A4001}"
EndProject
Project("{9A19103F-16F7-4668-BE54-9A1E7A4F7556}") = "Curso55", "ConsoleApp1\Curso55\Curso55.csproj", "{0B7E2AFD-191F-40C1-8D03-E9AC59A5431C}"
EndProject
Project("{9A19103F-16F7-4668-BE54-9A1E7A4F7556}") = "Curso", "Curso\Curso.csproj", "{6CE87FC0-E4D8-441B-AB22-B884D3A06CD5}"
EndProject
Project("{9A19103F-16F7-4668-BE54-9A1E7A4F7556}") = "Curso8", "Curso 8\Curso 8\Curso8.csproj", "{D1885CCB-FD91-46BD-8DE1-A6BF4886DF1E}"
EndProject
Project("{9A19103F-16F7-4668-BE54-9A1E7A4F7556}") = "Curso1", "Curso1\Curso1\Curso1.csproj", "{0D227B6B-2465-4FB3-934B-0A79E68A402D}"
EndProject
Project("{9A19103F-16F7-4668-BE54-9A1E7A4F7556}") = "Curso2", "Curso2\Curso2\Curso2.csproj", "{543AC9AE-5748-4B78-8741-299980D13DBB}"
EndProject
Project("{9A19103F-16F7-4668-BE54-9A1E7A4F7556}") = "Curso3", "Curso3\Curso3\Curso3.csproj", "{8C515D3E-7F89-4ECD-9019-3A786900B9B2}"
EndProject
Project("{9A19103F-16F7-4668-BE54-9A1E7A4F7556}") = "Curso4", "Curso4\Curso4\Curso4.csproj", "{723DEF6F-B458-46A0-B4FD-92920990877F}"
EndProject
Project("{9A19103F-16F7-4668-BE54-9A1E7A4F7556}") = "Curso5", "Curso5\Curso5\Curso5.csproj", "{6BC110E9-E5F3-4E3C-975E-9522CE03F020}"
EndProject
Project("{9A19103F-16F7-4668-BE54-9A1E7A4F7556}") = "Curso6", "Curso6\Curso6\Curso6.csproj", "{35BA5A24-359B-4F34-B278-2E187B79736A}"
EndProject
Project("{9A19103F-16F7-4668-BE54-9A1E7A4F7556}") = "Curso7", "Curso7\Curso7\Curso7.csproj", "{B839E6F6-D884-4F7D-8581-53483F8F9A8E}"
EndProject
Project("{9A19103F-16F7-4668-BE54-9A1E7A4F7556}") = "Curso9", "Curso9\Curso9\Curso9.csproj", "{1D08A30D-0263-4161-B505-EBC66B9342F8}"
EndProject
Project("{9A19103F-16F7-4668-BE54-9A1E7A4F7556}") = "Curso10", "Curso10\Curso10\Curso10.csproj", "{9E294A4B-9490-4C28-9347-43F42FED23E6}"
EndProject
Project("{9A19103F-16F7-4668-BE54-9A1E7A4F7556}") = "Curso11", "Curso11\Curso11\Curso11.csproj", "{EF703576-C249-4DDE-B6F4-48736E51FBC3}"
EndProject
Project("{9A19103F-16F7-4668-BE54-9A1E7A4F7556}") = "Curso12", "Curso12\Curso12\Curso12.csproj", "{DDF8711B-4C53-444A-8DD3-CFC355366959}"
EndProject
Project("{9A19103F-16F7-4668-BE54-9A1E7A4F7556}") = "Curso13", "Curso13\Curso13\Curso13.csproj", "{A598291C-A73A-4C02-9625-4D276D4D6EDE}"
EndProject
Project("{9A19103F-16F7-4668-BE54-9A1E7A4F7556}") = "Curso14", "Curso14\Curso14\Curso14.csproj", "{91DE5725-BBE6-41C4-A574-F3400B968B06}"
EndProject
Project("{9A19103F-16F7-4668-BE54-9A1E7A4F7556}") = "Curso15", "Curso15\Curso15\Curso15.csproj", "{C5F118B1-5625-4D69-A9C5-1850052773DD}"
EndProject
Project("{9A19103F-16F7-4668-BE54-9A1E7A4F7556}") = "Curso16", "Curso16\Curso16\Curso16.csproj", "{A3722207-6271-4F68-AC16-C8228CA4859C}"
EndProject
Project("{9A19103F-16F7-4668-BE54-9A1E7A4F7556}") = "Curso17", "Curso17\Curso17\Curso17.csproj", "{60D17B43-1BD2-4228-AAE2-E06B62FCE00B}"
EndProject
Project("{9A19103F-16F7-4668-BE54-9A1E7A4F7556}") = "Curso19", "Curso19\Curso19\Curso19.csproj", "{7CADE124-C461-4F8A-8544-806B8A895156}"
EndProject
Global
	GlobalSection(SolutionConfigurationPlatforms) = preSolution
		Debug|Any CPU = Debug|Any CPU
		Release|Any CPU = Release|Any CPU
	EndGlobalSection
	GlobalSection(ProjectConfigurationPlatforms) = postSolution
		{1164661B-E82A-4D15-BC14-819DBA8DA1B6}.Debug|Any CPU.ActiveCfg = Debug|Any CPU
		{1164661B-E82A-4D15-BC14-819DBA8DA1B6}.Debug|Any CPU.Build.0 = Debug|Any CPU
		{1164661B-E82A-4D15-BC14-819DBA8DA1B6}.Release|Any CPU.ActiveCfg = Release|Any CPU
		{1164661B-E82A-4D15-BC14-819DBA8DA1B6}.Release|Any CPU.Build.0 = Release|Any CPU
		{CC609C39-04A9-4E58-B4C4-FC047DFFC009}.Debug|Any CPU.ActiveCfg = Debug|Any CPU
		{CC609C39-04A9-4E58-B4C4-FC047DFFC009}.Debug|Any CPU.Build.0 = Debug|Any CPU
		{CC609C39-04A9-4E58-B4C4-FC047DFFC009}.Release|Any CPU.ActiveCfg = Release|Any CPU
		{CC609C39-04A9-4E58-B4C4-FC047DFFC009}.Release|Any CPU.Build.0 = Release|Any CPU
		{D80DECE8-CAB1-45FA-A7EE-E232F518EC9D}.Debug|Any CPU.ActiveCfg = Debug|Any CPU
		{D80DECE8-CAB1-45FA-A7EE-E232F518EC9D}.Debug|Any CPU.Build.0 = Debug|Any CPU
		{D80DECE8-CAB1-45FA-A7EE-E232F518EC9D}.Release|Any CPU.ActiveCfg = Release|Any CPU
		{D80DECE8-CAB1-45FA-A7EE-E232F518EC9D}.Release|Any CPU.Build.0 = Release|Any CPU
		{A419C6F8-75FF-48EA-A8C1-716313B56CBB}.Debug|Any CPU.ActiveCfg = Debug|Any CPU
		{A419C6F8-75FF-48EA-A8C1-716313B56CBB}.Debug|Any CPU.Build.0 = Debug|Any CPU
		{A419C6F8-75FF-48EA-A8C1-716313B56CBB}.Release|Any CPU.ActiveCfg = Release|Any CPU
		{A419C6F8-75FF-48EA-A8C1-716313B56CBB}.Release|Any CPU.Build.0 = Release|Any CPU
		{8F1C75C6-66D6-4CB0-AB4A-652DD10054EF}.Debug|Any CPU.ActiveCfg = Debug|Any CPU
		{8F1C75C6-66D6-4CB0-AB4A-652DD10054EF}.Debug|Any CPU.Build.0 = Debug|Any CPU
		{8F1C75C6-66D6-4CB0-AB4A-652DD10054EF}.Release|Any CPU.ActiveCfg = Release|Any CPU
		{8F1C75C6-66D6-4CB0-AB4A-652DD10054EF}.Release|Any CPU.Build.0 = Release|Any CPU
		{EFBE70B6-2F00-4698-A1E7-C031993CE6D2}.Debug|Any CPU.ActiveCfg = Debug|Any CPU
		{EFBE70B6-2F00-4698-A1E7-C031993CE6D2}.Debug|Any CPU.Build.0 = Debug|Any CPU
		{EFBE70B6-2F00-4698-A1E7-C031993CE6D2}.Release|Any CPU.ActiveCfg = Release|Any CPU
		{EFBE70B6-2F00-4698-A1E7-C031993CE6D2}.Release|Any CPU.Build.0 = Release|Any CPU
		{28F852A0-D325-45EE-950E-3B5C1CE8F065}.Debug|Any CPU.ActiveCfg = Debug|Any CPU
		{28F852A0-D325-45EE-950E-3B5C1CE8F065}.Debug|Any CPU.Build.0 = Debug|Any CPU
		{28F852A0-D325-45EE-950E-3B5C1CE8F065}.Release|Any CPU.ActiveCfg = Release|Any CPU
		{28F852A0-D325-45EE-950E-3B5C1CE8F065}.Release|Any CPU.Build.0 = Release|Any CPU
		{B82D420E-0287-4618-A584-A3B791B94CF8}.Debug|Any CPU.ActiveCfg = Debug|Any CPU
		{B82D420E-0287-4618-A584-A3B791B94CF8}.Debug|Any CPU.Build.0 = Debug|Any CPU
		{B82D420E-0287-4618-A584-A3B791B94CF8}.Release|Any CPU.ActiveCfg = Release|Any CPU
		{B82D420E-0287-4618-A584-A3B791B94CF8}.Release|Any CPU.Build.0 = Release|Any CPU
		{52BB41BE-9353-4627-9EBE-C6EFC48A4001}.Debug|Any CPU.ActiveCfg = Debug|Any CPU
		{52BB41BE-9353-4627-9EBE-C6EFC48A4001}.Debug|Any CPU.Build.0 = Debug|Any CPU
		{52BB41BE-9353-4627-9EBE-C6EFC48A4001}.Release|Any CPU.ActiveCfg = Release|Any CPU
		{52BB41BE-9353-4627-9EBE-C6EFC48A4001}.Release|Any CPU.Build.0 = Release|Any CPU
		{0B7E2AFD-191F-40C1-8D03-E9AC59A5431C}.Debug|Any CPU.ActiveCfg = Debug|Any CPU
		{0B7E2AFD-191F-40C1-8D03-E9AC59A5431C}.Debug|Any CPU.Build.0 = Debug|Any CPU
		{0B7E2AFD-191F-40C1-8D03-E9AC59A5431C}.Release|Any CPU.ActiveCfg = Release|Any CPU
		{0B7E2AFD-191F-40C1-8D03-E9AC59A5431C}.Release|Any CPU.Build.0 = Release|Any CPU
		{6CE87FC0-E4D8-441B-AB22-B884D3A06CD5}.Debug|Any CPU.ActiveCfg = Debug|Any CPU
		{6CE87FC0-E4D8-441B-AB22-B884D3A06CD5}.Debug|Any CPU.Build.0 = Debug|Any CPU
		{6CE87FC0-E4D8-441B-AB22-B884D3A06CD5}.Release|Any CPU.ActiveCfg = Release|Any CPU
		{6CE87FC0-E4D8-441B-AB22-B884D3A06CD5}.Release|Any CPU.Build.0 = Release|Any CPU
		{D1885CCB-FD91-46BD-8DE1-A6BF4886DF1E}.Debug|Any CPU.ActiveCfg = Debug|Any CPU
		{D1885CCB-FD91-46BD-8DE1-A6BF4886DF1E}.Debug|Any CPU.Build.0 = Debug|Any CPU
		{D1885CCB-FD91-46BD-8DE1-A6BF4886DF1E}.Release|Any CPU.ActiveCfg = Release|Any CPU
		{D1885CCB-FD91-46BD-8DE1-A6BF4886DF1E}.Release|Any CPU.Build.0 = Release|Any CPU
		{0D227B6B-2465-4FB3-934B-0A79E68A402D}.Debug|Any CPU.ActiveCfg = Debug|Any CPU
		{0D227B6B-2465-4FB3-934B-0A79E68A402D}.Debug|Any CPU.Build.0 = Debug|Any CPU
		{0D227B6B-2465-4FB3-934B-0A79E68A402D}.Release|Any CPU.ActiveCfg = Release|Any CPU
		{0D227B6B-2465-4FB3-934B-0A79E68A402D}.Release|Any CPU.Build.0 = Release|Any CPU
		{543AC9AE-5748-4B78-8741-299980D13DBB}.Debug|Any CPU.ActiveCfg = Debug|Any CPU
		{543AC9AE-5748-4B78-8741-299980D13DBB}.Debug|Any CPU.Build.0 = Debug|Any CPU
		{543AC9AE-5748-4B78-8741-299980D13DBB}.Release|Any CPU.ActiveCfg = Release|Any CPU
		{543AC9AE-5748-4B78-8741-299980D13DBB}.Release|Any CPU.Build.0 = Release|Any CPU
		{8C515D3E-7F89-4ECD-9019-3A786900B9B2}.Debug|Any CPU.ActiveCfg = Debug|Any CPU
		{8C515D3E-7F89-4ECD-9019-3A786900B9B2}.Debug|Any CPU.Build.0 = Debug|Any CPU
		{8C515D3E-7F89-4ECD-9019-3A786900B9B2}.Release|Any CPU.ActiveCfg = Release|Any CPU
		{8C515D3E-7F89-4ECD-9019-3A786900B9B2}.Release|Any CPU.Build.0 = Release|Any CPU
		{723DEF6F-B458-46A0-B4FD-92920990877F}.Debug|Any CPU.ActiveCfg = Debug|Any CPU
		{723DEF6F-B458-46A0-B4FD-92920990877F}.Debug|Any CPU.Build.0 = Debug|Any CPU
		{723DEF6F-B458-46A0-B4FD-92920990877F}.Release|Any CPU.ActiveCfg = Release|Any CPU
		{723DEF6F-B458-46A0-B4FD-92920990877F}.Release|Any CPU.Build.0 = Release|Any CPU
		{6BC110E9-E5F3-4E3C-975E-9522CE03F020}.Debug|Any CPU.ActiveCfg = Debug|Any CPU
		{6BC110E9-E5F3-4E3C-975E-9522CE03F020}.Debug|Any CPU.Build.0 = Debug|Any CPU
		{6BC110E9-E5F3-4E3C-975E-9522CE03F020}.Release|Any CPU.ActiveCfg = Release|Any CPU
		{6BC110E9-E5F3-4E3C-975E-9522CE03F020}.Release|Any CPU.Build.0 = Release|Any CPU
		{35BA5A24-359B-4F34-B278-2E187B79736A}.Debug|Any CPU.ActiveCfg = Debug|Any CPU
		{35BA5A24-359B-4F34-B278-2E187B79736A}.Debug|Any CPU.Build.0 = Debug|Any CPU
		{35BA5A24-359B-4F34-B278-2E187B79736A}.Release|Any CPU.ActiveCfg = Release|Any CPU
		{35BA5A24-359B-4F34-B278-2E187B79736A}.Release|Any CPU.Build.0 = Release|Any CPU
		{B839E6F6-D884-4F7D-8581-53483F8F9A8E}.Debug|Any CPU.ActiveCfg = Debug|Any CPU
		{B839E6F6-D884-4F7D-8581-53483F8F9A8E}.Debug|Any CPU.Build.0 = Debug|Any CPU
		{B839E6F6-D884-4F7D-8581-53483F8F9A8E}.Release|Any CPU.ActiveCfg = Release|Any CPU
		{B839E6F6-D884-4F7D-8581-53483F8F9A8E}.Release|Any CPU.Build.0 = Release|Any CPU
		{1D08A30D-0263-4161-B505-EBC66B9342F8}.Debug|Any CPU.ActiveCfg = Debug|Any CPU
		{1D08A30D-0263-4161-B505-EBC66B9342F8}.Debug|Any CPU.Build.0 = Debug|Any CPU
		{1D08A30D-0263-4161-B505-EBC66B9342F8}.Release|Any CPU.ActiveCfg = Release|Any CPU
		{1D08A30D-0263-4161-B505-EBC66B9342F8}.Release|Any CPU.Build.0 = Release|Any CPU
		{9E294A4B-9490-4C28-9347-43F42FED23E6}.Debug|Any CPU.ActiveCfg = Debug|Any CPU
		{9E294A4B-9490-4C28-9347-43F42FED23E6}.Debug|Any CPU.Build.0 = Debug|Any CPU
		{9E294A4B-9490-4C28-9347-43F42FED23E6}.Release|Any CPU.ActiveCfg = Release|Any CPU
		{9E294A4B-9490-4C28-9347-43F42FED23E6}.Release|Any CPU.Build.0 = Release|Any CPU
		{EF703576-C249-4DDE-B6F4-48736E51FBC3}.Debug|Any CPU.ActiveCfg = Debug|Any CPU
		{EF703576-C249-4DDE-B6F4-48736E51FBC3}.Debug|Any CPU.Build.0 = Debug|Any CPU
		{EF703576-C249-4DDE-B6F4-48736E51FBC3}.Release|Any CPU.ActiveCfg = Release|Any CPU
		{EF703576-C249-4DDE-B6F4-48736E51FBC3}.Release|Any CPU.Build.0 = Release|Any CPU
		{DDF8711B-4C53-444A-8DD3-CFC355366959}.Debug|Any CPU.ActiveCfg = Debug|Any CPU
		{DDF8711B-4C53-444A-8DD3-CFC355366959}.Debug|Any CPU.Build.0 = Debug|Any CPU
		{DDF8711B-4C53-444A-8DD3-CFC355366959}.Release|Any CPU.ActiveCfg = Release|Any CPU
		{DDF8711B-4C53-444A-8DD3-CFC355366959}.Release|Any CPU.Build.0 = Release|Any CPU
		{A598291C-A73A-4C02-9625-4D276D4D6EDE}.Debug|Any CPU.ActiveCfg = Debug|Any CPU
		{A598291C-A73A-4C02-9625-4D276D4D6EDE}.Debug|Any CPU.Build.0 = Debug|Any CPU
		{A598291C-A73A-4C02-9625-4D276D4D6EDE}.Release|Any CPU.ActiveCfg = Release|Any CPU
		{A598291C-A73A-4C02-9625-4D276D4D6EDE}.Release|Any CPU.Build.0 = Release|Any CPU
		{91DE5725-BBE6-41C4-A574-F3400B968B06}.Debug|Any CPU.ActiveCfg = Debug|Any CPU
		{91DE5725-BBE6-41C4-A574-F3400B968B06}.Debug|Any CPU.Build.0 = Debug|Any CPU
		{91DE5725-BBE6-41C4-A574-F3400B968B06}.Release|Any CPU.ActiveCfg = Release|Any CPU
		{91DE5725-BBE6-41C4-A574-F3400B968B06}.Release|Any CPU.Build.0 = Release|Any CPU
		{C5F118B1-5625-4D69-A9C5-1850052773DD}.Debug|Any CPU.ActiveCfg = Debug|Any CPU
		{C5F118B1-5625-4D69-A9C5-1850052773DD}.Debug|Any CPU.Build.0 = Debug|Any CPU
		{C5F118B1-5625-4D69-A9C5-1850052773DD}.Release|Any CPU.ActiveCfg = Release|Any CPU
		{C5F118B1-5625-4D69-A9C5-1850052773DD}.Release|Any CPU.Build.0 = Release|Any CPU
		{A3722207-6271-4F68-AC16-C8228CA4859C}.Debug|Any CPU.ActiveCfg = Debug|Any CPU
		{A3722207-6271-4F68-AC16-C8228CA4859C}.Debug|Any CPU.Build.0 = Debug|Any CPU
		{A3722207-6271-4F68-AC16-C8228CA4859C}.Release|Any CPU.ActiveCfg = Release|Any CPU
		{A3722207-6271-4F68-AC16-C8228CA4859C}.Release|Any CPU.Build.0 = Release|Any CPU
		{60D17B43-1BD2-4228-AAE2-E06B62FCE00B}.Debug|Any CPU.ActiveCfg = Debug|Any CPU
		{60D17B43-1BD2-4228-AAE2-E06B62FCE00B}.Debug|Any CPU.Build.0 = Debug|Any CPU
		{60D17B43-1BD2-4228-AAE2-E06B62FCE00B}.Release|Any CPU.ActiveCfg = Release|Any CPU
		{60D17B43-1BD2-4228-AAE2-E06B62FCE00B}.Release|Any CPU.Build.0 = Release|Any CPU
		{7CADE124-C461-4F8A-8544-806B8A895156}.Debug|Any CPU.ActiveCfg = Debug|Any CPU
		{7CADE124-C461-4F8A-8544-806B8A895156}.Debug|Any CPU.Build.0 = Debug|Any CPU
		{7CADE124-C461-4F8A-8544-806B8A895156}.Release|Any CPU.ActiveCfg = Release|Any CPU
		{7CADE124-C461-4F8A-8544-806B8A895156}.Release|Any CPU.Build.0 = Release|Any CPU
	EndGlobalSection
	GlobalSection(SolutionProperties) = preSolution
		HideSolutionNode = FALSE
	EndGlobalSection
	GlobalSection(ExtensibilityGlobals) = postSolution
		SolutionGuid = {2F221C2C-7959-4AA2-8E00-0F1863C94A34}
	EndGlobalSection
EndGlobal
