
Microsoft Visual Studio Solution File, Format Version 12.00
# Visual Studio Version 16
VisualStudioVersion = 16.0.28803.352
MinimumVisualStudioVersion = 10.0.40219.1
Project("{9A19103F-16F7-4668-BE54-9A1E7A4F7556}") = "Curso 8", "Curso 8\Curso 8.csproj", "{23105F94-60C5-4E51-9790-F76F6EA43950}"
EndProject
Project("{9A19103F-16F7-4668-BE54-9A1E7A4F7556}") = "Curso5", "..\Curso5\Curso5\Curso5.csproj", "{AF9A15C5-50EF-432E-8C60-BCD1456F7022}"
EndProject
Project("{9A19103F-16F7-4668-BE54-9A1E7A4F7556}") = "Curso6", "..\Curso6\Curso6\Curso6.csproj", "{26FA1E82-A734-4841-9954-EE8652E2745A}"
EndProject
Project("{9A19103F-16F7-4668-BE54-9A1E7A4F7556}") = "Curso7", "..\Curso7\Curso7\Curso7.csproj", "{16DFC53F-AF4A-49FF-9171-E6A2EB138B28}"
EndProject
Global
	GlobalSection(SolutionConfigurationPlatforms) = preSolution
		Debug|Any CPU = Debug|Any CPU
		Release|Any CPU = Release|Any CPU
	EndGlobalSection
	GlobalSection(ProjectConfigurationPlatforms) = postSolution
		{23105F94-60C5-4E51-9790-F76F6EA43950}.Debug|Any CPU.ActiveCfg = Debug|Any CPU
		{23105F94-60C5-4E51-9790-F76F6EA43950}.Debug|Any CPU.Build.0 = Debug|Any CPU
		{23105F94-60C5-4E51-9790-F76F6EA43950}.Release|Any CPU.ActiveCfg = Release|Any CPU
		{23105F94-60C5-4E51-9790-F76F6EA43950}.Release|Any CPU.Build.0 = Release|Any CPU
		{AF9A15C5-50EF-432E-8C60-BCD1456F7022}.Debug|Any CPU.ActiveCfg = Debug|Any CPU
		{AF9A15C5-50EF-432E-8C60-BCD1456F7022}.Debug|Any CPU.Build.0 = Debug|Any CPU
		{AF9A15C5-50EF-432E-8C60-BCD1456F7022}.Release|Any CPU.ActiveCfg = Release|Any CPU
		{AF9A15C5-50EF-432E-8C60-BCD1456F7022}.Release|Any CPU.Build.0 = Release|Any CPU
		{26FA1E82-A734-4841-9954-EE8652E2745A}.Debug|Any CPU.ActiveCfg = Debug|Any CPU
		{26FA1E82-A734-4841-9954-EE8652E2745A}.Debug|Any CPU.Build.0 = Debug|Any CPU
		{26FA1E82-A734-4841-9954-EE8652E2745A}.Release|Any CPU.ActiveCfg = Release|Any CPU
		{26FA1E82-A734-4841-9954-EE8652E2745A}.Release|Any CPU.Build.0 = Release|Any CPU
		{16DFC53F-AF4A-49FF-9171-E6A2EB138B28}.Debug|Any CPU.ActiveCfg = Debug|Any CPU
		{16DFC53F-AF4A-49FF-9171-E6A2EB138B28}.Debug|Any CPU.Build.0 = Debug|Any CPU
		{16DFC53F-AF4A-49FF-9171-E6A2EB138B28}.Release|Any CPU.ActiveCfg = Release|Any CPU
		{16DFC53F-AF4A-49FF-9171-E6A2EB138B28}.Release|Any CPU.Build.0 = Release|Any CPU
	EndGlobalSection
	GlobalSection(SolutionProperties) = preSolution
		HideSolutionNode = FALSE
	EndGlobalSection
	GlobalSection(ExtensibilityGlobals) = postSolution
		SolutionGuid = {2FB4ED21-C0C1-446D-A695-6ADBFBCE5E25}
	EndGlobalSection
EndGlobal
