
Microsoft Visual Studio Solution File, Format Version 12.00
# Visual Studio 15
VisualStudioVersion = 15.0.28307.421
MinimumVisualStudioVersion = 10.0.40219.1
Project("{FAE04EC0-301F-11D3-BF4B-00C04F79EFBC}") = "Curso6", "Curso6\Curso6.csproj", "{D59BD490-5D65-49FE-9EDF-F226F6F38517}"
EndProject
Global
	GlobalSection(SolutionConfigurationPlatforms) = preSolution
		Debug|Any CPU = Debug|Any CPU
		Release|Any CPU = Release|Any CPU
	EndGlobalSection
	GlobalSection(ProjectConfigurationPlatforms) = postSolution
		{D59BD490-5D65-49FE-9EDF-F226F6F38517}.Debug|Any CPU.ActiveCfg = Debug|Any CPU
		{D59BD490-5D65-49FE-9EDF-F226F6F38517}.Debug|Any CPU.Build.0 = Debug|Any CPU
		{D59BD490-5D65-49FE-9EDF-F226F6F38517}.Release|Any CPU.ActiveCfg = Release|Any CPU
		{D59BD490-5D65-49FE-9EDF-F226F6F38517}.Release|Any CPU.Build.0 = Release|Any CPU
	EndGlobalSection
	GlobalSection(SolutionProperties) = preSolution
		HideSolutionNode = FALSE
	EndGlobalSection
	GlobalSection(ExtensibilityGlobals) = postSolution
		SolutionGuid = {8A4837EE-9098-4C19-8100-D04BCFFB2230}
	EndGlobalSection
EndGlobal
