
Microsoft Visual Studio Solution File, Format Version 12.00
# Visual Studio Version 16
VisualStudioVersion = 16.0.28922.388
MinimumVisualStudioVersion = 10.0.40219.1
Project("{9A19103F-16F7-4668-BE54-9A1E7A4F7556}") = "TipoReferenciaTipoValor", "TipoReferenciaTipoValor\TipoReferenciaTipoValor.csproj", "{7ABBDEAB-87F6-4C57-A244-CED604CD53C7}"
EndProject
Project("{9A19103F-16F7-4668-BE54-9A1E7A4F7556}") = "NullAble", "..\NullAble\NullAble.csproj", "{3D095EE7-2316-4C62-A4EC-E261EB79E1B8}"
EndProject
Project("{FAE04EC0-301F-11D3-BF4B-00C04F79EFBC}") = "NullAble01", "NullAble01\NullAble01.csproj", "{116867EF-72BA-4022-9C1E-4466EC8965D7}"
EndProject
Project("{FAE04EC0-301F-11D3-BF4B-00C04F79EFBC}") = "ExemploArray", "Array\ExemploArray.csproj", "{F461E631-0303-4ECA-B395-EBBC6030558B}"
EndProject
Global
	GlobalSection(SolutionConfigurationPlatforms) = preSolution
		Debug|Any CPU = Debug|Any CPU
		Release|Any CPU = Release|Any CPU
	EndGlobalSection
	GlobalSection(ProjectConfigurationPlatforms) = postSolution
		{7ABBDEAB-87F6-4C57-A244-CED604CD53C7}.Debug|Any CPU.ActiveCfg = Debug|Any CPU
		{7ABBDEAB-87F6-4C57-A244-CED604CD53C7}.Debug|Any CPU.Build.0 = Debug|Any CPU
		{7ABBDEAB-87F6-4C57-A244-CED604CD53C7}.Release|Any CPU.ActiveCfg = Release|Any CPU
		{7ABBDEAB-87F6-4C57-A244-CED604CD53C7}.Release|Any CPU.Build.0 = Release|Any CPU
		{3D095EE7-2316-4C62-A4EC-E261EB79E1B8}.Debug|Any CPU.ActiveCfg = Debug|Any CPU
		{3D095EE7-2316-4C62-A4EC-E261EB79E1B8}.Debug|Any CPU.Build.0 = Debug|Any CPU
		{3D095EE7-2316-4C62-A4EC-E261EB79E1B8}.Release|Any CPU.ActiveCfg = Release|Any CPU
		{3D095EE7-2316-4C62-A4EC-E261EB79E1B8}.Release|Any CPU.Build.0 = Release|Any CPU
		{116867EF-72BA-4022-9C1E-4466EC8965D7}.Debug|Any CPU.ActiveCfg = Debug|Any CPU
		{116867EF-72BA-4022-9C1E-4466EC8965D7}.Debug|Any CPU.Build.0 = Debug|Any CPU
		{116867EF-72BA-4022-9C1E-4466EC8965D7}.Release|Any CPU.ActiveCfg = Release|Any CPU
		{116867EF-72BA-4022-9C1E-4466EC8965D7}.Release|Any CPU.Build.0 = Release|Any CPU
		{F461E631-0303-4ECA-B395-EBBC6030558B}.Debug|Any CPU.ActiveCfg = Debug|Any CPU
		{F461E631-0303-4ECA-B395-EBBC6030558B}.Debug|Any CPU.Build.0 = Debug|Any CPU
		{F461E631-0303-4ECA-B395-EBBC6030558B}.Release|Any CPU.ActiveCfg = Release|Any CPU
		{F461E631-0303-4ECA-B395-EBBC6030558B}.Release|Any CPU.Build.0 = Release|Any CPU
	EndGlobalSection
	GlobalSection(SolutionProperties) = preSolution
		HideSolutionNode = FALSE
	EndGlobalSection
	GlobalSection(ExtensibilityGlobals) = postSolution
		SolutionGuid = {147EC02E-707B-4214-9F1C-69236267A6E6}
	EndGlobalSection
EndGlobal
